// !$*UTF8*$!
{
	archiveVersion = 1;
	classes = {
	};
	objectVersion = 46;
	objects = {

/* Begin PBXBuildFile section */
		2170B6161E0567F7000BD085 /* OrderTableViewController.m in Sources */ = {isa = PBXBuildFile; fileRef = 2170B6151E0567F7000BD085 /* OrderTableViewController.m */; };
		2170B6191E057F53000BD085 /* EditOrderTableViewController.m in Sources */ = {isa = PBXBuildFile; fileRef = 2170B6181E057F53000BD085 /* EditOrderTableViewController.m */; };
		2170B61C1E05AB2F000BD085 /* ToppingSelectorTableViewController.m in Sources */ = {isa = PBXBuildFile; fileRef = 2170B61B1E05AB2F000BD085 /* ToppingSelectorTableViewController.m */; };
		2170B64B1E05FCE7000BD085 /* Order+CoreDataClass.m in Sources */ = {isa = PBXBuildFile; fileRef = 2170B6481E05FCE7000BD085 /* Order+CoreDataClass.m */; };
		2170B64C1E05FCE7000BD085 /* Order+CoreDataProperties.m in Sources */ = {isa = PBXBuildFile; fileRef = 2170B64A1E05FCE7000BD085 /* Order+CoreDataProperties.m */; };
		21EC43881E04A98200528CFE /* main.m in Sources */ = {isa = PBXBuildFile; fileRef = 21EC43871E04A98200528CFE /* main.m */; };
		21EC438B1E04A98200528CFE /* AppDelegate.m in Sources */ = {isa = PBXBuildFile; fileRef = 21EC438A1E04A98200528CFE /* AppDelegate.m */; };
		21EC43911E04A98200528CFE /* Main.storyboard in Resources */ = {isa = PBXBuildFile; fileRef = 21EC438F1E04A98200528CFE /* Main.storyboard */; };
		21EC43941E04A98200528CFE /* Popular_Pizza.xcdatamodeld in Sources */ = {isa = PBXBuildFile; fileRef = 21EC43921E04A98200528CFE /* Popular_Pizza.xcdatamodeld */; };
		21EC43961E04A98200528CFE /* Assets.xcassets in Resources */ = {isa = PBXBuildFile; fileRef = 21EC43951E04A98200528CFE /* Assets.xcassets */; };
		21EC43991E04A98200528CFE /* LaunchScreen.storyboard in Resources */ = {isa = PBXBuildFile; fileRef = 21EC43971E04A98200528CFE /* LaunchScreen.storyboard */; };
		21EC43A41E04B0E400528CFE /* CoreDataTableViewController.m in Sources */ = {isa = PBXBuildFile; fileRef = 21EC43A31E04B0E400528CFE /* CoreDataTableViewController.m */; };
		21EC43A71E04B7EC00528CFE /* PopularPizzaTableViewController.m in Sources */ = {isa = PBXBuildFile; fileRef = 21EC43A61E04B7EC00528CFE /* PopularPizzaTableViewController.m */; };
		21EC43A91E04BABD00528CFE /* pizzaOrders.json in Resources */ = {isa = PBXBuildFile; fileRef = 21EC43A81E04BABD00528CFE /* pizzaOrders.json */; };
		21EC43AC1E04E76D00528CFE /* OrderPopularity.m in Sources */ = {isa = PBXBuildFile; fileRef = 21EC43AB1E04E76D00528CFE /* OrderPopularity.m */; };
		21FBA7701E0637C60012D286 /* SettingsTableViewController.m in Sources */ = {isa = PBXBuildFile; fileRef = 21FBA76F1E0637C60012D286 /* SettingsTableViewController.m */; };
		21FBA7771E07007A0012D286 /* SingleOrderTableViewController.m in Sources */ = {isa = PBXBuildFile; fileRef = 21FBA7761E07007A0012D286 /* SingleOrderTableViewController.m */; };
/* End PBXBuildFile section */

/* Begin PBXFileReference section */
		2170B6141E0567F7000BD085 /* OrderTableViewController.h */ = {isa = PBXFileReference; fileEncoding = 4; lastKnownFileType = sourcecode.c.h; path = OrderTableViewController.h; sourceTree = "<group>"; };
		2170B6151E0567F7000BD085 /* OrderTableViewController.m */ = {isa = PBXFileReference; fileEncoding = 4; lastKnownFileType = sourcecode.c.objc; path = OrderTableViewController.m; sourceTree = "<group>"; };
		2170B6171E057F53000BD085 /* EditOrderTableViewController.h */ = {isa = PBXFileReference; fileEncoding = 4; lastKnownFileType = sourcecode.c.h; path = EditOrderTableViewController.h; sourceTree = "<group>"; };
		2170B6181E057F53000BD085 /* EditOrderTableViewController.m */ = {isa = PBXFileReference; fileEncoding = 4; lastKnownFileType = sourcecode.c.objc; path = EditOrderTableViewController.m; sourceTree = "<group>"; };
		2170B61A1E05AB2F000BD085 /* ToppingSelectorTableViewController.h */ = {isa = PBXFileReference; fileEncoding = 4; lastKnownFileType = sourcecode.c.h; path = ToppingSelectorTableViewController.h; sourceTree = "<group>"; };
		2170B61B1E05AB2F000BD085 /* ToppingSelectorTableViewController.m */ = {isa = PBXFileReference; fileEncoding = 4; lastKnownFileType = sourcecode.c.objc; path = ToppingSelectorTableViewController.m; sourceTree = "<group>"; };
		2170B6471E05FCE7000BD085 /* Order+CoreDataClass.h */ = {isa = PBXFileReference; fileEncoding = 4; lastKnownFileType = sourcecode.c.h; path = "Order+CoreDataClass.h"; sourceTree = "<group>"; };
		2170B6481E05FCE7000BD085 /* Order+CoreDataClass.m */ = {isa = PBXFileReference; fileEncoding = 4; lastKnownFileType = sourcecode.c.objc; path = "Order+CoreDataClass.m"; sourceTree = "<group>"; };
		2170B6491E05FCE7000BD085 /* Order+CoreDataProperties.h */ = {isa = PBXFileReference; fileEncoding = 4; lastKnownFileType = sourcecode.c.h; path = "Order+CoreDataProperties.h"; sourceTree = "<group>"; };
		2170B64A1E05FCE7000BD085 /* Order+CoreDataProperties.m */ = {isa = PBXFileReference; fileEncoding = 4; lastKnownFileType = sourcecode.c.objc; path = "Order+CoreDataProperties.m"; sourceTree = "<group>"; };
		2170B64D1E061C51000BD085 /* CoreDataTableViewController.h */ = {isa = PBXFileReference; lastKnownFileType = sourcecode.c.h; path = CoreDataTableViewController.h; sourceTree = "<group>"; };
		21EC43831E04A98200528CFE /* Popular Pizza.app */ = {isa = PBXFileReference; explicitFileType = wrapper.application; includeInIndex = 0; path = "Popular Pizza.app"; sourceTree = BUILT_PRODUCTS_DIR; };
		21EC43871E04A98200528CFE /* main.m */ = {isa = PBXFileReference; lastKnownFileType = sourcecode.c.objc; path = main.m; sourceTree = "<group>"; };
		21EC43891E04A98200528CFE /* AppDelegate.h */ = {isa = PBXFileReference; lastKnownFileType = sourcecode.c.h; path = AppDelegate.h; sourceTree = "<group>"; };
		21EC438A1E04A98200528CFE /* AppDelegate.m */ = {isa = PBXFileReference; lastKnownFileType = sourcecode.c.objc; path = AppDelegate.m; sourceTree = "<group>"; };
		21EC43901E04A98200528CFE /* Base */ = {isa = PBXFileReference; lastKnownFileType = file.storyboard; name = Base; path = Base.lproj/Main.storyboard; sourceTree = "<group>"; };
		21EC43931E04A98200528CFE /* Popular_Pizza.xcdatamodel */ = {isa = PBXFileReference; lastKnownFileType = wrapper.xcdatamodel; path = Popular_Pizza.xcdatamodel; sourceTree = "<group>"; };
		21EC43951E04A98200528CFE /* Assets.xcassets */ = {isa = PBXFileReference; lastKnownFileType = folder.assetcatalog; path = Assets.xcassets; sourceTree = "<group>"; };
		21EC43981E04A98200528CFE /* Base */ = {isa = PBXFileReference; lastKnownFileType = file.storyboard; name = Base; path = Base.lproj/LaunchScreen.storyboard; sourceTree = "<group>"; };
		21EC439A1E04A98200528CFE /* Info.plist */ = {isa = PBXFileReference; lastKnownFileType = text.plist.xml; path = Info.plist; sourceTree = "<group>"; };
		21EC43A31E04B0E400528CFE /* CoreDataTableViewController.m */ = {isa = PBXFileReference; fileEncoding = 4; lastKnownFileType = sourcecode.c.objc; path = CoreDataTableViewController.m; sourceTree = "<group>"; };
		21EC43A51E04B7EC00528CFE /* PopularPizzaTableViewController.h */ = {isa = PBXFileReference; fileEncoding = 4; lastKnownFileType = sourcecode.c.h; name = PopularPizzaTableViewController.h; path = ../PopularPizzaTableViewController.h; sourceTree = "<group>"; };
		21EC43A61E04B7EC00528CFE /* PopularPizzaTableViewController.m */ = {isa = PBXFileReference; fileEncoding = 4; lastKnownFileType = sourcecode.c.objc; name = PopularPizzaTableViewController.m; path = ../PopularPizzaTableViewController.m; sourceTree = "<group>"; };
		21EC43A81E04BABD00528CFE /* pizzaOrders.json */ = {isa = PBXFileReference; fileEncoding = 4; lastKnownFileType = text.json; path = pizzaOrders.json; sourceTree = "<group>"; };
		21EC43AA1E04E76D00528CFE /* OrderPopularity.h */ = {isa = PBXFileReference; fileEncoding = 4; lastKnownFileType = sourcecode.c.h; path = OrderPopularity.h; sourceTree = "<group>"; };
		21EC43AB1E04E76D00528CFE /* OrderPopularity.m */ = {isa = PBXFileReference; fileEncoding = 4; lastKnownFileType = sourcecode.c.objc; path = OrderPopularity.m; sourceTree = "<group>"; };
		21FBA76E1E0637C60012D286 /* SettingsTableViewController.h */ = {isa = PBXFileReference; fileEncoding = 4; lastKnownFileType = sourcecode.c.h; path = SettingsTableViewController.h; sourceTree = "<group>"; };
		21FBA76F1E0637C60012D286 /* SettingsTableViewController.m */ = {isa = PBXFileReference; fileEncoding = 4; lastKnownFileType = sourcecode.c.objc; path = SettingsTableViewController.m; sourceTree = "<group>"; };
		21FBA7741E06E81E0012D286 /* globals.h */ = {isa = PBXFileReference; lastKnownFileType = sourcecode.c.h; path = globals.h; sourceTree = "<group>"; };
		21FBA7751E07007A0012D286 /* SingleOrderTableViewController.h */ = {isa = PBXFileReference; fileEncoding = 4; lastKnownFileType = sourcecode.c.h; path = SingleOrderTableViewController.h; sourceTree = "<group>"; };
		21FBA7761E07007A0012D286 /* SingleOrderTableViewController.m */ = {isa = PBXFileReference; fileEncoding = 4; lastKnownFileType = sourcecode.c.objc; path = SingleOrderTableViewController.m; sourceTree = "<group>"; };
/* End PBXFileReference section */

/* Begin PBXFrameworksBuildPhase section */
		21EC43801E04A98200528CFE /* Frameworks */ = {
			isa = PBXFrameworksBuildPhase;
			buildActionMask = 2147483647;
			files = (
			);
			runOnlyForDeploymentPostprocessing = 0;
		};
/* End PBXFrameworksBuildPhase section */

/* Begin PBXGroup section */
		21EC437A1E04A98100528CFE = {
			isa = PBXGroup;
			children = (
				21EC43851E04A98200528CFE /* Popular Pizza */,
				21EC43841E04A98200528CFE /* Products */,
			);
			sourceTree = "<group>";
		};
		21EC43841E04A98200528CFE /* Products */ = {
			isa = PBXGroup;
			children = (
				21EC43831E04A98200528CFE /* Popular Pizza.app */,
			);
			name = Products;
			sourceTree = "<group>";
		};
		21EC43851E04A98200528CFE /* Popular Pizza */ = {
			isa = PBXGroup;
			children = (
				21EC438F1E04A98200528CFE /* Main.storyboard */,
				21FBA7741E06E81E0012D286 /* globals.h */,
				21EC43A51E04B7EC00528CFE /* PopularPizzaTableViewController.h */,
				21EC43A61E04B7EC00528CFE /* PopularPizzaTableViewController.m */,
				21EC43AA1E04E76D00528CFE /* OrderPopularity.h */,
				21EC43AB1E04E76D00528CFE /* OrderPopularity.m */,
				21FBA76E1E0637C60012D286 /* SettingsTableViewController.h */,
				21FBA76F1E0637C60012D286 /* SettingsTableViewController.m */,
				21FBA7751E07007A0012D286 /* SingleOrderTableViewController.h */,
				21FBA7761E07007A0012D286 /* SingleOrderTableViewController.m */,
				2170B6141E0567F7000BD085 /* OrderTableViewController.h */,
				2170B6151E0567F7000BD085 /* OrderTableViewController.m */,
				2170B6171E057F53000BD085 /* EditOrderTableViewController.h */,
				2170B6181E057F53000BD085 /* EditOrderTableViewController.m */,
				2170B61A1E05AB2F000BD085 /* ToppingSelectorTableViewController.h */,
				2170B61B1E05AB2F000BD085 /* ToppingSelectorTableViewController.m */,
				21EC43A81E04BABD00528CFE /* pizzaOrders.json */,
				21EC43A11E04B0A300528CFE /* Core Data */,
				21EC43861E04A98200528CFE /* Supporting Files */,
			);
			path = "Popular Pizza";
			sourceTree = "<group>";
		};
		21EC43861E04A98200528CFE /* Supporting Files */ = {
			isa = PBXGroup;
			children = (
				21EC43891E04A98200528CFE /* AppDelegate.h */,
				21EC438A1E04A98200528CFE /* AppDelegate.m */,
				21EC43951E04A98200528CFE /* Assets.xcassets */,
				21EC43971E04A98200528CFE /* LaunchScreen.storyboard */,
				21EC439A1E04A98200528CFE /* Info.plist */,
				21EC43871E04A98200528CFE /* main.m */,
			);
			name = "Supporting Files";
			sourceTree = "<group>";
		};
		21EC43A11E04B0A300528CFE /* Core Data */ = {
			isa = PBXGroup;
			children = (
				21EC43921E04A98200528CFE /* Popular_Pizza.xcdatamodeld */,
				2170B64D1E061C51000BD085 /* CoreDataTableViewController.h */,
				21EC43A31E04B0E400528CFE /* CoreDataTableViewController.m */,
				2170B6471E05FCE7000BD085 /* Order+CoreDataClass.h */,
				2170B6481E05FCE7000BD085 /* Order+CoreDataClass.m */,
				2170B6491E05FCE7000BD085 /* Order+CoreDataProperties.h */,
				2170B64A1E05FCE7000BD085 /* Order+CoreDataProperties.m */,
			);
			name = "Core Data";
			sourceTree = "<group>";
		};
/* End PBXGroup section */

/* Begin PBXNativeTarget section */
		21EC43821E04A98200528CFE /* Popular Pizza */ = {
			isa = PBXNativeTarget;
			buildConfigurationList = 21EC439D1E04A98200528CFE /* Build configuration list for PBXNativeTarget "Popular Pizza" */;
			buildPhases = (
				21EC437F1E04A98200528CFE /* Sources */,
				21EC43801E04A98200528CFE /* Frameworks */,
				21EC43811E04A98200528CFE /* Resources */,
			);
			buildRules = (
			);
			dependencies = (
			);
			name = "Popular Pizza";
			productName = "Popular Pizza";
			productReference = 21EC43831E04A98200528CFE /* Popular Pizza.app */;
			productType = "com.apple.product-type.application";
		};
/* End PBXNativeTarget section */

/* Begin PBXProject section */
		21EC437B1E04A98100528CFE /* Project object */ = {
			isa = PBXProject;
			attributes = {
				LastUpgradeCheck = 1010;
				ORGANIZATIONNAME = "Jack Wright";
				TargetAttributes = {
					21EC43821E04A98200528CFE = {
						CreatedOnToolsVersion = 8.1;
						DevelopmentTeam = 7BATW2E53G;
						ProvisioningStyle = Automatic;
					};
				};
			};
			buildConfigurationList = 21EC437E1E04A98100528CFE /* Build configuration list for PBXProject "Popular Pizza" */;
			compatibilityVersion = "Xcode 3.2";
			developmentRegion = English;
			hasScannedForEncodings = 0;
			knownRegions = (
				en,
				Base,
			);
			mainGroup = 21EC437A1E04A98100528CFE;
			productRefGroup = 21EC43841E04A98200528CFE /* Products */;
			projectDirPath = "";
			projectRoot = "";
			targets = (
				21EC43821E04A98200528CFE /* Popular Pizza */,
			);
		};
/* End PBXProject section */

/* Begin PBXResourcesBuildPhase section */
		21EC43811E04A98200528CFE /* Resources */ = {
			isa = PBXResourcesBuildPhase;
			buildActionMask = 2147483647;
			files = (
				21EC43991E04A98200528CFE /* LaunchScreen.storyboard in Resources */,
				21EC43A91E04BABD00528CFE /* pizzaOrders.json in Resources */,
				21EC43961E04A98200528CFE /* Assets.xcassets in Resources */,
				21EC43911E04A98200528CFE /* Main.storyboard in Resources */,
			);
			runOnlyForDeploymentPostprocessing = 0;
		};
/* End PBXResourcesBuildPhase section */

/* Begin PBXSourcesBuildPhase section */
		21EC437F1E04A98200528CFE /* Sources */ = {
			isa = PBXSourcesBuildPhase;
			buildActionMask = 2147483647;
			files = (
				21FBA7701E0637C60012D286 /* SettingsTableViewController.m in Sources */,
				21EC438B1E04A98200528CFE /* AppDelegate.m in Sources */,
				21FBA7771E07007A0012D286 /* SingleOrderTableViewController.m in Sources */,
				2170B61C1E05AB2F000BD085 /* ToppingSelectorTableViewController.m in Sources */,
				2170B6161E0567F7000BD085 /* OrderTableViewController.m in Sources */,
				2170B6191E057F53000BD085 /* EditOrderTableViewController.m in Sources */,
				2170B64B1E05FCE7000BD085 /* Order+CoreDataClass.m in Sources */,
				21EC43AC1E04E76D00528CFE /* OrderPopularity.m in Sources */,
				21EC43941E04A98200528CFE /* Popular_Pizza.xcdatamodeld in Sources */,
				21EC43881E04A98200528CFE /* main.m in Sources */,
				2170B64C1E05FCE7000BD085 /* Order+CoreDataProperties.m in Sources */,
				21EC43A71E04B7EC00528CFE /* PopularPizzaTableViewController.m in Sources */,
				21EC43A41E04B0E400528CFE /* CoreDataTableViewController.m in Sources */,
			);
			runOnlyForDeploymentPostprocessing = 0;
		};
/* End PBXSourcesBuildPhase section */

/* Begin PBXVariantGroup section */
		21EC438F1E04A98200528CFE /* Main.storyboard */ = {
			isa = PBXVariantGroup;
			children = (
				21EC43901E04A98200528CFE /* Base */,
			);
			name = Main.storyboard;
			sourceTree = "<group>";
		};
		21EC43971E04A98200528CFE /* LaunchScreen.storyboard */ = {
			isa = PBXVariantGroup;
			children = (
				21EC43981E04A98200528CFE /* Base */,
			);
			name = LaunchScreen.storyboard;
			sourceTree = "<group>";
		};
/* End PBXVariantGroup section */

/* Begin XCBuildConfiguration section */
		21EC439B1E04A98200528CFE /* Debug */ = {
			isa = XCBuildConfiguration;
			buildSettings = {
				ALWAYS_SEARCH_USER_PATHS = NO;
				CLANG_ANALYZER_NONNULL = YES;
				CLANG_CXX_LANGUAGE_STANDARD = "gnu++0x";
				CLANG_CXX_LIBRARY = "libc++";
				CLANG_ENABLE_MODULES = YES;
				CLANG_ENABLE_OBJC_ARC = YES;
				CLANG_WARN_BLOCK_CAPTURE_AUTORELEASING = YES;
				CLANG_WARN_BOOL_CONVERSION = YES;
				CLANG_WARN_COMMA = YES;
				CLANG_WARN_CONSTANT_CONVERSION = YES;
				CLANG_WARN_DEPRECATED_OBJC_IMPLEMENTATIONS = YES;
				CLANG_WARN_DIRECT_OBJC_ISA_USAGE = YES_ERROR;
				CLANG_WARN_DOCUMENTATION_COMMENTS = YES;
				CLANG_WARN_EMPTY_BODY = YES;
				CLANG_WARN_ENUM_CONVERSION = YES;
				CLANG_WARN_INFINITE_RECURSION = YES;
				CLANG_WARN_INT_CONVERSION = YES;
				CLANG_WARN_NON_LITERAL_NULL_CONVERSION = YES;
				CLANG_WARN_OBJC_IMPLICIT_RETAIN_SELF = YES;
				CLANG_WARN_OBJC_LITERAL_CONVERSION = YES;
				CLANG_WARN_OBJC_ROOT_CLASS = YES_ERROR;
				CLANG_WARN_RANGE_LOOP_ANALYSIS = YES;
				CLANG_WARN_STRICT_PROTOTYPES = YES;
				CLANG_WARN_SUSPICIOUS_MOVE = YES;
				CLANG_WARN_SUSPICIOUS_MOVES = YES;
				CLANG_WARN_UNREACHABLE_CODE = YES;
				CLANG_WARN__DUPLICATE_METHOD_MATCH = YES;
				"CODE_SIGN_IDENTITY[sdk=iphoneos*]" = "iPhone Developer";
				COPY_PHASE_STRIP = NO;
				DEBUG_INFORMATION_FORMAT = dwarf;
				ENABLE_STRICT_OBJC_MSGSEND = YES;
				ENABLE_TESTABILITY = YES;
				GCC_C_LANGUAGE_STANDARD = gnu99;
				GCC_DYNAMIC_NO_PIC = NO;
				GCC_NO_COMMON_BLOCKS = YES;
				GCC_OPTIMIZATION_LEVEL = 0;
				GCC_PREPROCESSOR_DEFINITIONS = (
					"DEBUG=1",
					"$(inherited)",
				);
				GCC_WARN_64_TO_32_BIT_CONVERSION = YES;
				GCC_WARN_ABOUT_RETURN_TYPE = YES_ERROR;
				GCC_WARN_UNDECLARED_SELECTOR = YES;
				GCC_WARN_UNINITIALIZED_AUTOS = YES_AGGRESSIVE;
				GCC_WARN_UNUSED_FUNCTION = YES;
				GCC_WARN_UNUSED_VARIABLE = YES;
				IPHONEOS_DEPLOYMENT_TARGET = 10.1;
				MTL_ENABLE_DEBUG_INFO = YES;
				ONLY_ACTIVE_ARCH = YES;
				SDKROOT = iphoneos;
			};
			name = Debug;
		};
		21EC439C1E04A98200528CFE /* Release */ = {
			isa = XCBuildConfiguration;
			buildSettings = {
				ALWAYS_SEARCH_USER_PATHS = NO;
				CLANG_ANALYZER_NONNULL = YES;
				CLANG_CXX_LANGUAGE_STANDARD = "gnu++0x";
				CLANG_CXX_LIBRARY = "libc++";
				CLANG_ENABLE_MODULES = YES;
				CLANG_ENABLE_OBJC_ARC = YES;
				CLANG_WARN_BLOCK_CAPTURE_AUTORELEASING = YES;
				CLANG_WARN_BOOL_CONVERSION = YES;
				CLANG_WARN_COMMA = YES;
				CLANG_WARN_CONSTANT_CONVERSION = YES;
				CLANG_WARN_DEPRECATED_OBJC_IMPLEMENTATIONS = YES;
				CLANG_WARN_DIRECT_OBJC_ISA_USAGE = YES_ERROR;
				CLANG_WARN_DOCUMENTATION_COMMENTS = YES;
				CLANG_WARN_EMPTY_BODY = YES;
				CLANG_WARN_ENUM_CONVERSION = YES;
				CLANG_WARN_INFINITE_RECURSION = YES;
				CLANG_WARN_INT_CONVERSION = YES;
				CLANG_WARN_NON_LITERAL_NULL_CONVERSION = YES;
				CLANG_WARN_OBJC_IMPLICIT_RETAIN_SELF = YES;
				CLANG_WARN_OBJC_LITERAL_CONVERSION = YES;
				CLANG_WARN_OBJC_ROOT_CLASS = YES_ERROR;
				CLANG_WARN_RANGE_LOOP_ANALYSIS = YES;
				CLANG_WARN_STRICT_PROTOTYPES = YES;
				CLANG_WARN_SUSPICIOUS_MOVE = YES;
				CLANG_WARN_SUSPICIOUS_MOVES = YES;
				CLANG_WARN_UNREACHABLE_CODE = YES;
				CLANG_WARN__DUPLICATE_METHOD_MATCH = YES;
				"CODE_SIGN_IDENTITY[sdk=iphoneos*]" = "iPhone Developer";
				COPY_PHASE_STRIP = NO;
				DEBUG_INFORMATION_FORMAT = "dwarf-with-dsym";
				ENABLE_NS_ASSERTIONS = NO;
				ENABLE_STRICT_OBJC_MSGSEND = YES;
				GCC_C_LANGUAGE_STANDARD = gnu99;
				GCC_NO_COMMON_BLOCKS = YES;
				GCC_WARN_64_TO_32_BIT_CONVERSION = YES;
				GCC_WARN_ABOUT_RETURN_TYPE = YES_ERROR;
				GCC_WARN_UNDECLARED_SELECTOR = YES;
				GCC_WARN_UNINITIALIZED_AUTOS = YES_AGGRESSIVE;
				GCC_WARN_UNUSED_FUNCTION = YES;
				GCC_WARN_UNUSED_VARIABLE = YES;
				IPHONEOS_DEPLOYMENT_TARGET = 10.1;
				MTL_ENABLE_DEBUG_INFO = NO;
				SDKROOT = iphoneos;
				VALIDATE_PRODUCT = YES;
			};
			name = Release;
		};
		21EC439E1E04A98200528CFE /* Debug */ = {
			isa = XCBuildConfiguration;
			buildSettings = {
				ASSETCATALOG_COMPILER_APPICON_NAME = AppIcon;
				DEVELOPMENT_TEAM = 7BATW2E53G;
				INFOPLIST_FILE = "Popular Pizza/Info.plist";
				LD_RUNPATH_SEARCH_PATHS = "$(inherited) @executable_path/Frameworks";
				PRODUCT_BUNDLE_IDENTIFIER = "com.jackcraft.Popular-Pizza";
				PRODUCT_NAME = "$(TARGET_NAME)";
			};
			name = Debug;
		};
		21EC439F1E04A98200528CFE /* Release */ = {
			isa = XCBuildConfiguration;
			buildSettings = {
				ASSETCATALOG_COMPILER_APPICON_NAME = AppIcon;
				DEVELOPMENT_TEAM = 7BATW2E53G;
				INFOPLIST_FILE = "Popular Pizza/Info.plist";
				LD_RUNPATH_SEARCH_PATHS = "$(inherited) @executable_path/Frameworks";
				PRODUCT_BUNDLE_IDENTIFIER = "com.jackcraft.Popular-Pizza";
				PRODUCT_NAME = "$(TARGET_NAME)";
			};
			name = Release;
		};
/* End XCBuildConfiguration section */

/* Begin XCConfigurationList section */
		21EC437E1E04A98100528CFE /* Build configuration list for PBXProject "Popular Pizza" */ = {
			isa = XCConfigurationList;
			buildConfigurations = (
				21EC439B1E04A98200528CFE /* Debug */,
				21EC439C1E04A98200528CFE /* Release */,
			);
			defaultConfigurationIsVisible = 0;
			defaultConfigurationName = Release;
		};
		21EC439D1E04A98200528CFE /* Build configuration list for PBXNativeTarget "Popular Pizza" */ = {
			isa = XCConfigurationList;
			buildConfigurations = (
				21EC439E1E04A98200528CFE /* Debug */,
				21EC439F1E04A98200528CFE /* Release */,
			);
			defaultConfigurationIsVisible = 0;
			defaultConfigurationName = Release;
		};
/* End XCConfigurationList section */

/* Begin XCVersionGroup section */
		21EC43921E04A98200528CFE /* Popular_Pizza.xcdatamodeld */ = {
			isa = XCVersionGroup;
			children = (
				21EC43931E04A98200528CFE /* Popular_Pizza.xcdatamodel */,
			);
			currentVersion = 21EC43931E04A98200528CFE /* Popular_Pizza.xcdatamodel */;
			path = Popular_Pizza.xcdatamodeld;
			sourceTree = "<group>";
			versionGroupType = wrapper.xcdatamodel;
		};
/* End XCVersionGroup section */
	};
	rootObject = 21EC437B1E04A98100528CFE /* Project object */;
}
